
Microsoft Visual Studio Solution File, Format Version 12.00
# Visual Studio Version 17
VisualStudioVersion = 17.1.32210.238
MinimumVisualStudioVersion = 10.0.40219.1
Project("{9A19103F-16F7-4668-BE54-9A1E7A4F7556}") = "Api-Senior", "Api-Senior\Api-Senior.csproj", "{A9F502B0-BDEA-4C4A-A994-DC04E17D4570}"
EndProject
Project("{FAE04EC0-301F-11D3-BF4B-00C04F79EFBC}") = "Api-Senior-Tests", "Api-Senior-Tests\Api-Senior-Tests.csproj", "{7E72F1CA-204F-4E10-A8CC-5944CBBCEA81}"
EndProject
Global
	GlobalSection(SolutionConfigurationPlatforms) = preSolution
		Debug|Any CPU = Debug|Any CPU
		Release|Any CPU = Release|Any CPU
	EndGlobalSection
	GlobalSection(ProjectConfigurationPlatforms) = postSolution
		{A9F502B0-BDEA-4C4A-A994-DC04E17D4570}.Debug|Any CPU.ActiveCfg = Debug|Any CPU
		{A9F502B0-BDEA-4C4A-A994-DC04E17D4570}.Debug|Any CPU.Build.0 = Debug|Any CPU
		{A9F502B0-BDEA-4C4A-A994-DC04E17D4570}.Release|Any CPU.ActiveCfg = Release|Any CPU
		{A9F502B0-BDEA-4C4A-A994-DC04E17D4570}.Release|Any CPU.Build.0 = Release|Any CPU
		{7E72F1CA-204F-4E10-A8CC-5944CBBCEA81}.Debug|Any CPU.ActiveCfg = Debug|Any CPU
		{7E72F1CA-204F-4E10-A8CC-5944CBBCEA81}.Debug|Any CPU.Build.0 = Debug|Any CPU
		{7E72F1CA-204F-4E10-A8CC-5944CBBCEA81}.Release|Any CPU.ActiveCfg = Release|Any CPU
		{7E72F1CA-204F-4E10-A8CC-5944CBBCEA81}.Release|Any CPU.Build.0 = Release|Any CPU
	EndGlobalSection
	GlobalSection(SolutionProperties) = preSolution
		HideSolutionNode = FALSE
	EndGlobalSection
	GlobalSection(ExtensibilityGlobals) = postSolution
		SolutionGuid = {69A29916-CFAB-4E9F-8BDD-38059F9BE73A}
	EndGlobalSection
EndGlobal
